{\n  "name": "studio-spaces",\n  "version": "0.1.0",\n  "lockfileVersion": 3,\n  "requires": true,\n  "packages": {\n    "": {\n      "name": "studio-spaces",\n      "version": "0.1.0",\n      "dependencies": {\n        "dexie": "^3.2.7",\n        "dexie-react-hooks": "^1.1.7",\n        "react": "^18.3.1",\n        "react-dom": "^18.3.1",\n        "zustand": "^4.5.2"\n      },\n      "devDependencies": {\n        "@vitejs/plugin-react": "^4.3.1",\n        "vite": "^5.4.8"\n      }\n    }\n  }\n}